// !$*UTF8*$!
{
	archiveVersion = 1;
	classes = {
	};
	objectVersion = 46;
	objects = {

/* Begin PBXBuildFile section */
		E5CBA1151E1133EB0032F44D /* AppDelegate.swift in Sources */ = {isa = PBXBuildFile; fileRef = E5CBA1141E1133EB0032F44D /* AppDelegate.swift */; };
		E5CBA1171E1133EB0032F44D /* ViewController.swift in Sources */ = {isa = PBXBuildFile; fileRef = E5CBA1161E1133EB0032F44D /* ViewController.swift */; };
		E5CBA11A1E1133EB0032F44D /* Main.storyboard in Resources */ = {isa = PBXBuildFile; fileRef = E5CBA1181E1133EB0032F44D /* Main.storyboard */; };
		E5CBA11C1E1133EB0032F44D /* Assets.xcassets in Resources */ = {isa = PBXBuildFile; fileRef = E5CBA11B1E1133EB0032F44D /* Assets.xcassets */; };
		E5CBA11F1E1133EB0032F44D /* LaunchScreen.storyboard in Resources */ = {isa = PBXBuildFile; fileRef = E5CBA11D1E1133EB0032F44D /* LaunchScreen.storyboard */; };
		E5CBA1271E1134200032F44D /* NavigationController.swift in Sources */ = {isa = PBXBuildFile; fileRef = E5CBA1261E1134200032F44D /* NavigationController.swift */; };
		E5CBA1291E113E290032F44D /* AppCoordinator.swift in Sources */ = {isa = PBXBuildFile; fileRef = E5CBA1281E113E290032F44D /* AppCoordinator.swift */; };
		E5CBA12B1E113FB00032F44D /* RootViewController.swift in Sources */ = {isa = PBXBuildFile; fileRef = E5CBA12A1E113FB00032F44D /* RootViewController.swift */; };
		E5CBA12D1E1141F70032F44D /* ADViewController.swift in Sources */ = {isa = PBXBuildFile; fileRef = E5CBA12C1E1141F70032F44D /* ADViewController.swift */; };
		E5CBA12F1E11471B0032F44D /* WelcomViewController.swift in Sources */ = {isa = PBXBuildFile; fileRef = E5CBA12E1E11471B0032F44D /* WelcomViewController.swift */; };
		E5CBA1311E1147860032F44D /* ADDetailViewController.swift in Sources */ = {isa = PBXBuildFile; fileRef = E5CBA1301E1147860032F44D /* ADDetailViewController.swift */; };
		E5CBA1351E11554D0032F44D /* ImageViewController.swift in Sources */ = {isa = PBXBuildFile; fileRef = E5CBA1341E11554D0032F44D /* ImageViewController.swift */; };
		E5CBA1381E1253B70032F44D /* WelcomCoordinator.swift in Sources */ = {isa = PBXBuildFile; fileRef = E5CBA1371E1253B70032F44D /* WelcomCoordinator.swift */; };
		E5CBA13C1E126B8F0032F44D /* SceneCoordinator.swift in Sources */ = {isa = PBXBuildFile; fileRef = E5CBA13B1E126B8F0032F44D /* SceneCoordinator.swift */; };
		E5CBA13E1E1275A80032F44D /* SignUpViewController.swift in Sources */ = {isa = PBXBuildFile; fileRef = E5CBA13D1E1275A80032F44D /* SignUpViewController.swift */; };
		E5CBA1451E139D420032F44D /* TopViewControllerExtension.swift in Sources */ = {isa = PBXBuildFile; fileRef = E5CBA1441E139D420032F44D /* TopViewControllerExtension.swift */; };
		E5CBA1471E13B5FD0032F44D /* UniversialLinkOrNotificationViewController.swift in Sources */ = {isa = PBXBuildFile; fileRef = E5CBA1461E13B5FD0032F44D /* UniversialLinkOrNotificationViewController.swift */; };
/* End PBXBuildFile section */

/* Begin PBXFileReference section */
		E5CBA1111E1133EB0032F44D /* NaviCoordinator.app */ = {isa = PBXFileReference; explicitFileType = wrapper.application; includeInIndex = 0; path = NaviCoordinator.app; sourceTree = BUILT_PRODUCTS_DIR; };
		E5CBA1141E1133EB0032F44D /* AppDelegate.swift */ = {isa = PBXFileReference; lastKnownFileType = sourcecode.swift; path = AppDelegate.swift; sourceTree = "<group>"; };
		E5CBA1161E1133EB0032F44D /* ViewController.swift */ = {isa = PBXFileReference; lastKnownFileType = sourcecode.swift; path = ViewController.swift; sourceTree = "<group>"; };
		E5CBA1191E1133EB0032F44D /* Base */ = {isa = PBXFileReference; lastKnownFileType = file.storyboard; name = Base; path = Base.lproj/Main.storyboard; sourceTree = "<group>"; };
		E5CBA11B1E1133EB0032F44D /* Assets.xcassets */ = {isa = PBXFileReference; lastKnownFileType = folder.assetcatalog; path = Assets.xcassets; sourceTree = "<group>"; };
		E5CBA11E1E1133EB0032F44D /* Base */ = {isa = PBXFileReference; lastKnownFileType = file.storyboard; name = Base; path = Base.lproj/LaunchScreen.storyboard; sourceTree = "<group>"; };
		E5CBA1201E1133EB0032F44D /* Info.plist */ = {isa = PBXFileReference; lastKnownFileType = text.plist.xml; path = Info.plist; sourceTree = "<group>"; };
		E5CBA1261E1134200032F44D /* NavigationController.swift */ = {isa = PBXFileReference; fileEncoding = 4; lastKnownFileType = sourcecode.swift; path = NavigationController.swift; sourceTree = "<group>"; };
		E5CBA1281E113E290032F44D /* AppCoordinator.swift */ = {isa = PBXFileReference; fileEncoding = 4; lastKnownFileType = sourcecode.swift; path = AppCoordinator.swift; sourceTree = "<group>"; };
		E5CBA12A1E113FB00032F44D /* RootViewController.swift */ = {isa = PBXFileReference; fileEncoding = 4; lastKnownFileType = sourcecode.swift; path = RootViewController.swift; sourceTree = "<group>"; };
		E5CBA12C1E1141F70032F44D /* ADViewController.swift */ = {isa = PBXFileReference; fileEncoding = 4; lastKnownFileType = sourcecode.swift; path = ADViewController.swift; sourceTree = "<group>"; };
		E5CBA12E1E11471B0032F44D /* WelcomViewController.swift */ = {isa = PBXFileReference; fileEncoding = 4; lastKnownFileType = sourcecode.swift; path = WelcomViewController.swift; sourceTree = "<group>"; };
		E5CBA1301E1147860032F44D /* ADDetailViewController.swift */ = {isa = PBXFileReference; fileEncoding = 4; lastKnownFileType = sourcecode.swift; path = ADDetailViewController.swift; sourceTree = "<group>"; };
		E5CBA1341E11554D0032F44D /* ImageViewController.swift */ = {isa = PBXFileReference; fileEncoding = 4; lastKnownFileType = sourcecode.swift; path = ImageViewController.swift; sourceTree = "<group>"; };
		E5CBA1371E1253B70032F44D /* WelcomCoordinator.swift */ = {isa = PBXFileReference; fileEncoding = 4; lastKnownFileType = sourcecode.swift; path = WelcomCoordinator.swift; sourceTree = "<group>"; };
		E5CBA13B1E126B8F0032F44D /* SceneCoordinator.swift */ = {isa = PBXFileReference; fileEncoding = 4; lastKnownFileType = sourcecode.swift; path = SceneCoordinator.swift; sourceTree = "<group>"; };
		E5CBA13D1E1275A80032F44D /* SignUpViewController.swift */ = {isa = PBXFileReference; fileEncoding = 4; lastKnownFileType = sourcecode.swift; path = SignUpViewController.swift; sourceTree = "<group>"; };
		E5CBA1441E139D420032F44D /* TopViewControllerExtension.swift */ = {isa = PBXFileReference; fileEncoding = 4; lastKnownFileType = sourcecode.swift; path = TopViewControllerExtension.swift; sourceTree = "<group>"; };
		E5CBA1461E13B5FD0032F44D /* UniversialLinkOrNotificationViewController.swift */ = {isa = PBXFileReference; fileEncoding = 4; lastKnownFileType = sourcecode.swift; path = UniversialLinkOrNotificationViewController.swift; sourceTree = "<group>"; };
/* End PBXFileReference section */

/* Begin PBXFrameworksBuildPhase section */
		E5CBA10E1E1133EB0032F44D /* Frameworks */ = {
			isa = PBXFrameworksBuildPhase;
			buildActionMask = 2147483647;
			files = (
			);
			runOnlyForDeploymentPostprocessing = 0;
		};
/* End PBXFrameworksBuildPhase section */

/* Begin PBXGroup section */
		E5CBA1081E1133EB0032F44D = {
			isa = PBXGroup;
			children = (
				E5CBA1131E1133EB0032F44D /* NaviCoordinator */,
				E5CBA1121E1133EB0032F44D /* Products */,
			);
			sourceTree = "<group>";
		};
		E5CBA1121E1133EB0032F44D /* Products */ = {
			isa = PBXGroup;
			children = (
				E5CBA1111E1133EB0032F44D /* NaviCoordinator.app */,
			);
			name = Products;
			sourceTree = "<group>";
		};
		E5CBA1131E1133EB0032F44D /* NaviCoordinator */ = {
			isa = PBXGroup;
			children = (
				E5CBA1141E1133EB0032F44D /* AppDelegate.swift */,
				E5CBA1161E1133EB0032F44D /* ViewController.swift */,
				E5CBA1181E1133EB0032F44D /* Main.storyboard */,
				E5CBA11B1E1133EB0032F44D /* Assets.xcassets */,
				E5CBA11D1E1133EB0032F44D /* LaunchScreen.storyboard */,
				E5CBA1201E1133EB0032F44D /* Info.plist */,
				E5CBA1261E1134200032F44D /* NavigationController.swift */,
				E5CBA1281E113E290032F44D /* AppCoordinator.swift */,
				E5CBA12A1E113FB00032F44D /* RootViewController.swift */,
				E5CBA12C1E1141F70032F44D /* ADViewController.swift */,
				E5CBA12E1E11471B0032F44D /* WelcomViewController.swift */,
				E5CBA1301E1147860032F44D /* ADDetailViewController.swift */,
				E5CBA1341E11554D0032F44D /* ImageViewController.swift */,
				E5CBA1371E1253B70032F44D /* WelcomCoordinator.swift */,
				E5CBA13B1E126B8F0032F44D /* SceneCoordinator.swift */,
				E5CBA13D1E1275A80032F44D /* SignUpViewController.swift */,
				E5CBA1441E139D420032F44D /* TopViewControllerExtension.swift */,
				E5CBA1461E13B5FD0032F44D /* UniversialLinkOrNotificationViewController.swift */,
			);
			path = NaviCoordinator;
			sourceTree = "<group>";
		};
/* End PBXGroup section */

/* Begin PBXNativeTarget section */
		E5CBA1101E1133EB0032F44D /* NaviCoordinator */ = {
			isa = PBXNativeTarget;
			buildConfigurationList = E5CBA1231E1133EB0032F44D /* Build configuration list for PBXNativeTarget "NaviCoordinator" */;
			buildPhases = (
				E5CBA10D1E1133EB0032F44D /* Sources */,
				E5CBA10E1E1133EB0032F44D /* Frameworks */,
				E5CBA10F1E1133EB0032F44D /* Resources */,
			);
			buildRules = (
			);
			dependencies = (
			);
			name = NaviCoordinator;
			productName = NaviCoordinator;
			productReference = E5CBA1111E1133EB0032F44D /* NaviCoordinator.app */;
			productType = "com.apple.product-type.application";
		};
/* End PBXNativeTarget section */

/* Begin PBXProject section */
		E5CBA1091E1133EB0032F44D /* Project object */ = {
			isa = PBXProject;
			attributes = {
				LastSwiftUpdateCheck = 0810;
				LastUpgradeCheck = 0810;
				ORGANIZATIONNAME = yurongde;
				TargetAttributes = {
					E5CBA1101E1133EB0032F44D = {
						CreatedOnToolsVersion = 8.1;
						ProvisioningStyle = Automatic;
					};
				};
			};
			buildConfigurationList = E5CBA10C1E1133EB0032F44D /* Build configuration list for PBXProject "NaviCoordinator" */;
			compatibilityVersion = "Xcode 3.2";
			developmentRegion = English;
			hasScannedForEncodings = 0;
			knownRegions = (
				en,
				Base,
			);
			mainGroup = E5CBA1081E1133EB0032F44D;
			productRefGroup = E5CBA1121E1133EB0032F44D /* Products */;
			projectDirPath = "";
			projectRoot = "";
			targets = (
				E5CBA1101E1133EB0032F44D /* NaviCoordinator */,
			);
		};
/* End PBXProject section */

/* Begin PBXResourcesBuildPhase section */
		E5CBA10F1E1133EB0032F44D /* Resources */ = {
			isa = PBXResourcesBuildPhase;
			buildActionMask = 2147483647;
			files = (
				E5CBA11F1E1133EB0032F44D /* LaunchScreen.storyboard in Resources */,
				E5CBA11C1E1133EB0032F44D /* Assets.xcassets in Resources */,
				E5CBA11A1E1133EB0032F44D /* Main.storyboard in Resources */,
			);
			runOnlyForDeploymentPostprocessing = 0;
		};
/* End PBXResourcesBuildPhase section */

/* Begin PBXSourcesBuildPhase section */
		E5CBA10D1E1133EB0032F44D /* Sources */ = {
			isa = PBXSourcesBuildPhase;
			buildActionMask = 2147483647;
			files = (
				E5CBA12B1E113FB00032F44D /* RootViewController.swift in Sources */,
				E5CBA1471E13B5FD0032F44D /* UniversialLinkOrNotificationViewController.swift in Sources */,
				E5CBA12D1E1141F70032F44D /* ADViewController.swift in Sources */,
				E5CBA1351E11554D0032F44D /* ImageViewController.swift in Sources */,
				E5CBA13C1E126B8F0032F44D /* SceneCoordinator.swift in Sources */,
				E5CBA1381E1253B70032F44D /* WelcomCoordinator.swift in Sources */,
				E5CBA1291E113E290032F44D /* AppCoordinator.swift in Sources */,
				E5CBA1171E1133EB0032F44D /* ViewController.swift in Sources */,
				E5CBA1271E1134200032F44D /* NavigationController.swift in Sources */,
				E5CBA1151E1133EB0032F44D /* AppDelegate.swift in Sources */,
				E5CBA1451E139D420032F44D /* TopViewControllerExtension.swift in Sources */,
				E5CBA1311E1147860032F44D /* ADDetailViewController.swift in Sources */,
				E5CBA13E1E1275A80032F44D /* SignUpViewController.swift in Sources */,
				E5CBA12F1E11471B0032F44D /* WelcomViewController.swift in Sources */,
			);
			runOnlyForDeploymentPostprocessing = 0;
		};
/* End PBXSourcesBuildPhase section */

/* Begin PBXVariantGroup section */
		E5CBA1181E1133EB0032F44D /* Main.storyboard */ = {
			isa = PBXVariantGroup;
			children = (
				E5CBA1191E1133EB0032F44D /* Base */,
			);
			name = Main.storyboard;
			sourceTree = "<group>";
		};
		E5CBA11D1E1133EB0032F44D /* LaunchScreen.storyboard */ = {
			isa = PBXVariantGroup;
			children = (
				E5CBA11E1E1133EB0032F44D /* Base */,
			);
			name = LaunchScreen.storyboard;
			sourceTree = "<group>";
		};
/* End PBXVariantGroup section */

/* Begin XCBuildConfiguration section */
		E5CBA1211E1133EB0032F44D /* Debug */ = {
			isa = XCBuildConfiguration;
			buildSettings = {
				ALWAYS_SEARCH_USER_PATHS = NO;
				CLANG_ANALYZER_NONNULL = YES;
				CLANG_CXX_LANGUAGE_STANDARD = "gnu++0x";
				CLANG_CXX_LIBRARY = "libc++";
				CLANG_ENABLE_MODULES = YES;
				CLANG_ENABLE_OBJC_ARC = YES;
				CLANG_WARN_BOOL_CONVERSION = YES;
				CLANG_WARN_CONSTANT_CONVERSION = YES;
				CLANG_WARN_DIRECT_OBJC_ISA_USAGE = YES_ERROR;
				CLANG_WARN_DOCUMENTATION_COMMENTS = YES;
				CLANG_WARN_EMPTY_BODY = YES;
				CLANG_WARN_ENUM_CONVERSION = YES;
				CLANG_WARN_INFINITE_RECURSION = YES;
				CLANG_WARN_INT_CONVERSION = YES;
				CLANG_WARN_OBJC_ROOT_CLASS = YES_ERROR;
				CLANG_WARN_SUSPICIOUS_MOVES = YES;
				CLANG_WARN_UNREACHABLE_CODE = YES;
				CLANG_WARN__DUPLICATE_METHOD_MATCH = YES;
				"CODE_SIGN_IDENTITY[sdk=iphoneos*]" = "iPhone Developer";
				COPY_PHASE_STRIP = NO;
				DEBUG_INFORMATION_FORMAT = dwarf;
				ENABLE_STRICT_OBJC_MSGSEND = YES;
				ENABLE_TESTABILITY = YES;
				GCC_C_LANGUAGE_STANDARD = gnu99;
				GCC_DYNAMIC_NO_PIC = NO;
				GCC_NO_COMMON_BLOCKS = YES;
				GCC_OPTIMIZATION_LEVEL = 0;
				GCC_PREPROCESSOR_DEFINITIONS = (
					"DEBUG=1",
					"$(inherited)",
				);
				GCC_WARN_64_TO_32_BIT_CONVERSION = YES;
				GCC_WARN_ABOUT_RETURN_TYPE = YES_ERROR;
				GCC_WARN_UNDECLARED_SELECTOR = YES;
				GCC_WARN_UNINITIALIZED_AUTOS = YES_AGGRESSIVE;
				GCC_WARN_UNUSED_FUNCTION = YES;
				GCC_WARN_UNUSED_VARIABLE = YES;
				IPHONEOS_DEPLOYMENT_TARGET = 10.1;
				MTL_ENABLE_DEBUG_INFO = YES;
				ONLY_ACTIVE_ARCH = YES;
				SDKROOT = iphoneos;
				SWIFT_ACTIVE_COMPILATION_CONDITIONS = DEBUG;
				SWIFT_OPTIMIZATION_LEVEL = "-Onone";
			};
			name = Debug;
		};
		E5CBA1221E1133EB0032F44D /* Release */ = {
			isa = XCBuildConfiguration;
			buildSettings = {
				ALWAYS_SEARCH_USER_PATHS = NO;
				CLANG_ANALYZER_NONNULL = YES;
				CLANG_CXX_LANGUAGE_STANDARD = "gnu++0x";
				CLANG_CXX_LIBRARY = "libc++";
				CLANG_ENABLE_MODULES = YES;
				CLANG_ENABLE_OBJC_ARC = YES;
				CLANG_WARN_BOOL_CONVERSION = YES;
				CLANG_WARN_CONSTANT_CONVERSION = YES;
				CLANG_WARN_DIRECT_OBJC_ISA_USAGE = YES_ERROR;
				CLANG_WARN_DOCUMENTATION_COMMENTS = YES;
				CLANG_WARN_EMPTY_BODY = YES;
				CLANG_WARN_ENUM_CONVERSION = YES;
				CLANG_WARN_INFINITE_RECURSION = YES;
				CLANG_WARN_INT_CONVERSION = YES;
				CLANG_WARN_OBJC_ROOT_CLASS = YES_ERROR;
				CLANG_WARN_SUSPICIOUS_MOVES = YES;
				CLANG_WARN_UNREACHABLE_CODE = YES;
				CLANG_WARN__DUPLICATE_METHOD_MATCH = YES;
				"CODE_SIGN_IDENTITY[sdk=iphoneos*]" = "iPhone Developer";
				COPY_PHASE_STRIP = NO;
				DEBUG_INFORMATION_FORMAT = "dwarf-with-dsym";
				ENABLE_NS_ASSERTIONS = NO;
				ENABLE_STRICT_OBJC_MSGSEND = YES;
				GCC_C_LANGUAGE_STANDARD = gnu99;
				GCC_NO_COMMON_BLOCKS = YES;
				GCC_WARN_64_TO_32_BIT_CONVERSION = YES;
				GCC_WARN_ABOUT_RETURN_TYPE = YES_ERROR;
				GCC_WARN_UNDECLARED_SELECTOR = YES;
				GCC_WARN_UNINITIALIZED_AUTOS = YES_AGGRESSIVE;
				GCC_WARN_UNUSED_FUNCTION = YES;
				GCC_WARN_UNUSED_VARIABLE = YES;
				IPHONEOS_DEPLOYMENT_TARGET = 10.1;
				MTL_ENABLE_DEBUG_INFO = NO;
				SDKROOT = iphoneos;
				SWIFT_OPTIMIZATION_LEVEL = "-Owholemodule";
				VALIDATE_PRODUCT = YES;
			};
			name = Release;
		};
		E5CBA1241E1133EB0032F44D /* Debug */ = {
			isa = XCBuildConfiguration;
			buildSettings = {
				ASSETCATALOG_COMPILER_APPICON_NAME = AppIcon;
				INFOPLIST_FILE = NaviCoordinator/Info.plist;
				LD_RUNPATH_SEARCH_PATHS = "$(inherited) @executable_path/Frameworks";
				PRODUCT_BUNDLE_IDENTIFIER = com.ssdd.NaviCoordinator;
				PRODUCT_NAME = "$(TARGET_NAME)";
				SWIFT_VERSION = 3.0;
			};
			name = Debug;
		};
		E5CBA1251E1133EB0032F44D /* Release */ = {
			isa = XCBuildConfiguration;
			buildSettings = {
				ASSETCATALOG_COMPILER_APPICON_NAME = AppIcon;
				INFOPLIST_FILE = NaviCoordinator/Info.plist;
				LD_RUNPATH_SEARCH_PATHS = "$(inherited) @executable_path/Frameworks";
				PRODUCT_BUNDLE_IDENTIFIER = com.ssdd.NaviCoordinator;
				PRODUCT_NAME = "$(TARGET_NAME)";
				SWIFT_VERSION = 3.0;
			};
			name = Release;
		};
/* End XCBuildConfiguration section */

/* Begin XCConfigurationList section */
		E5CBA10C1E1133EB0032F44D /* Build configuration list for PBXProject "NaviCoordinator" */ = {
			isa = XCConfigurationList;
			buildConfigurations = (
				E5CBA1211E1133EB0032F44D /* Debug */,
				E5CBA1221E1133EB0032F44D /* Release */,
			);
			defaultConfigurationIsVisible = 0;
			defaultConfigurationName = Release;
		};
		E5CBA1231E1133EB0032F44D /* Build configuration list for PBXNativeTarget "NaviCoordinator" */ = {
			isa = XCConfigurationList;
			buildConfigurations = (
				E5CBA1241E1133EB0032F44D /* Debug */,
				E5CBA1251E1133EB0032F44D /* Release */,
			);
			defaultConfigurationIsVisible = 0;
			defaultConfigurationName = Release;
		};
/* End XCConfigurationList section */
	};
	rootObject = E5CBA1091E1133EB0032F44D /* Project object */;
}
